
Microsoft Visual Studio Solution File, Format Version 12.00
# Visual Studio Version 16
VisualStudioVersion = 16.0.31424.327
MinimumVisualStudioVersion = 10.0.40219.1
Project("{FAE04EC0-301F-11D3-BF4B-00C04F79EFBC}") = "ArraysAndLists", "ArraysAndLists\ArraysAndLists.csproj", "{0E6F4CAB-5E35-42B1-B980-9A2695B0D699}"
EndProject
Global
	GlobalSection(SolutionConfigurationPlatforms) = preSolution
		Debug|Any CPU = Debug|Any CPU
		Release|Any CPU = Release|Any CPU
	EndGlobalSection
	GlobalSection(ProjectConfigurationPlatforms) = postSolution
		{0E6F4CAB-5E35-42B1-B980-9A2695B0D699}.Debug|Any CPU.ActiveCfg = Debug|Any CPU
		{0E6F4CAB-5E35-42B1-B980-9A2695B0D699}.Debug|Any CPU.Build.0 = Debug|Any CPU
		{0E6F4CAB-5E35-42B1-B980-9A2695B0D699}.Release|Any CPU.ActiveCfg = Release|Any CPU
		{0E6F4CAB-5E35-42B1-B980-9A2695B0D699}.Release|Any CPU.Build.0 = Release|Any CPU
	EndGlobalSection
	GlobalSection(SolutionProperties) = preSolution
		HideSolutionNode = FALSE
	EndGlobalSection
	GlobalSection(ExtensibilityGlobals) = postSolution
		SolutionGuid = {AA85BC74-CDB7-48FB-BBA1-A0B08EA2C2BA}
	EndGlobalSection
EndGlobal
