
Microsoft Visual Studio Solution File, Format Version 12.00
# Visual Studio Version 16
VisualStudioVersion = 16.0.31424.327
MinimumVisualStudioVersion = 10.0.40219.1
Project("{FAE04EC0-301F-11D3-BF4B-00C04F79EFBC}") = "Step369", "Step369\Step369.csproj", "{13D1F9DF-479A-4B5D-81A9-12DE7F868102}"
EndProject
Global
	GlobalSection(SolutionConfigurationPlatforms) = preSolution
		Debug|Any CPU = Debug|Any CPU
		Release|Any CPU = Release|Any CPU
	EndGlobalSection
	GlobalSection(ProjectConfigurationPlatforms) = postSolution
		{13D1F9DF-479A-4B5D-81A9-12DE7F868102}.Debug|Any CPU.ActiveCfg = Debug|Any CPU
		{13D1F9DF-479A-4B5D-81A9-12DE7F868102}.Debug|Any CPU.Build.0 = Debug|Any CPU
		{13D1F9DF-479A-4B5D-81A9-12DE7F868102}.Release|Any CPU.ActiveCfg = Release|Any CPU
		{13D1F9DF-479A-4B5D-81A9-12DE7F868102}.Release|Any CPU.Build.0 = Release|Any CPU
	EndGlobalSection
	GlobalSection(SolutionProperties) = preSolution
		HideSolutionNode = FALSE
	EndGlobalSection
	GlobalSection(ExtensibilityGlobals) = postSolution
		SolutionGuid = {5F75EA1C-E228-47E3-A39C-8468619559D0}
	EndGlobalSection
EndGlobal
