
Microsoft Visual Studio Solution File, Format Version 12.00
# Visual Studio Version 16
VisualStudioVersion = 16.0.31424.327
MinimumVisualStudioVersion = 10.0.40219.1
Project("{FAE04EC0-301F-11D3-BF4B-00C04F79EFBC}") = "MVCTutorial", "MVCTutorial\MVCTutorial.csproj", "{63871095-450B-4F36-B478-E21CE834E22E}"
EndProject
Global
	GlobalSection(SolutionConfigurationPlatforms) = preSolution
		Debug|Any CPU = Debug|Any CPU
		Release|Any CPU = Release|Any CPU
	EndGlobalSection
	GlobalSection(ProjectConfigurationPlatforms) = postSolution
		{63871095-450B-4F36-B478-E21CE834E22E}.Debug|Any CPU.ActiveCfg = Debug|Any CPU
		{63871095-450B-4F36-B478-E21CE834E22E}.Debug|Any CPU.Build.0 = Debug|Any CPU
		{63871095-450B-4F36-B478-E21CE834E22E}.Release|Any CPU.ActiveCfg = Release|Any CPU
		{63871095-450B-4F36-B478-E21CE834E22E}.Release|Any CPU.Build.0 = Release|Any CPU
	EndGlobalSection
	GlobalSection(SolutionProperties) = preSolution
		HideSolutionNode = FALSE
	EndGlobalSection
	GlobalSection(ExtensibilityGlobals) = postSolution
		SolutionGuid = {99CB6336-79E7-4B41-80E3-A4127149B805}
	EndGlobalSection
EndGlobal
