
Microsoft Visual Studio Solution File, Format Version 12.00
# Visual Studio Version 16
VisualStudioVersion = 16.0.31424.327
MinimumVisualStudioVersion = 10.0.40219.1
Project("{FAE04EC0-301F-11D3-BF4B-00C04F79EFBC}") = "Step279", "Step279\Step279.csproj", "{309C0B36-A745-4C79-B656-143BB2BD949B}"
EndProject
Global
	GlobalSection(SolutionConfigurationPlatforms) = preSolution
		Debug|Any CPU = Debug|Any CPU
		Release|Any CPU = Release|Any CPU
	EndGlobalSection
	GlobalSection(ProjectConfigurationPlatforms) = postSolution
		{309C0B36-A745-4C79-B656-143BB2BD949B}.Debug|Any CPU.ActiveCfg = Debug|Any CPU
		{309C0B36-A745-4C79-B656-143BB2BD949B}.Debug|Any CPU.Build.0 = Debug|Any CPU
		{309C0B36-A745-4C79-B656-143BB2BD949B}.Release|Any CPU.ActiveCfg = Release|Any CPU
		{309C0B36-A745-4C79-B656-143BB2BD949B}.Release|Any CPU.Build.0 = Release|Any CPU
	EndGlobalSection
	GlobalSection(SolutionProperties) = preSolution
		HideSolutionNode = FALSE
	EndGlobalSection
	GlobalSection(ExtensibilityGlobals) = postSolution
		SolutionGuid = {835896AE-2199-45E3-803D-7F0BA3773840}
	EndGlobalSection
EndGlobal
