
Microsoft Visual Studio Solution File, Format Version 12.00
# Visual Studio Version 16
VisualStudioVersion = 16.0.31424.327
MinimumVisualStudioVersion = 10.0.40219.1
Project("{FAE04EC0-301F-11D3-BF4B-00C04F79EFBC}") = "Step242", "Step242\Step242.csproj", "{ADA40EE0-24C8-4CCC-B6C3-223AD0A60B88}"
EndProject
Global
	GlobalSection(SolutionConfigurationPlatforms) = preSolution
		Debug|Any CPU = Debug|Any CPU
		Release|Any CPU = Release|Any CPU
	EndGlobalSection
	GlobalSection(ProjectConfigurationPlatforms) = postSolution
		{ADA40EE0-24C8-4CCC-B6C3-223AD0A60B88}.Debug|Any CPU.ActiveCfg = Debug|Any CPU
		{ADA40EE0-24C8-4CCC-B6C3-223AD0A60B88}.Debug|Any CPU.Build.0 = Debug|Any CPU
		{ADA40EE0-24C8-4CCC-B6C3-223AD0A60B88}.Release|Any CPU.ActiveCfg = Release|Any CPU
		{ADA40EE0-24C8-4CCC-B6C3-223AD0A60B88}.Release|Any CPU.Build.0 = Release|Any CPU
	EndGlobalSection
	GlobalSection(SolutionProperties) = preSolution
		HideSolutionNode = FALSE
	EndGlobalSection
	GlobalSection(ExtensibilityGlobals) = postSolution
		SolutionGuid = {FE281EF6-FFA8-47A8-AF1D-8923E48315A2}
	EndGlobalSection
EndGlobal
