
Microsoft Visual Studio Solution File, Format Version 12.00
# Visual Studio Version 16
VisualStudioVersion = 16.0.31424.327
MinimumVisualStudioVersion = 10.0.40219.1
Project("{FAE04EC0-301F-11D3-BF4B-00C04F79EFBC}") = "Step275", "Step275\Step275.csproj", "{0EAD4E4C-A762-46CA-97E3-CE6712F6B981}"
EndProject
Global
	GlobalSection(SolutionConfigurationPlatforms) = preSolution
		Debug|Any CPU = Debug|Any CPU
		Release|Any CPU = Release|Any CPU
	EndGlobalSection
	GlobalSection(ProjectConfigurationPlatforms) = postSolution
		{0EAD4E4C-A762-46CA-97E3-CE6712F6B981}.Debug|Any CPU.ActiveCfg = Debug|Any CPU
		{0EAD4E4C-A762-46CA-97E3-CE6712F6B981}.Debug|Any CPU.Build.0 = Debug|Any CPU
		{0EAD4E4C-A762-46CA-97E3-CE6712F6B981}.Release|Any CPU.ActiveCfg = Release|Any CPU
		{0EAD4E4C-A762-46CA-97E3-CE6712F6B981}.Release|Any CPU.Build.0 = Release|Any CPU
	EndGlobalSection
	GlobalSection(SolutionProperties) = preSolution
		HideSolutionNode = FALSE
	EndGlobalSection
	GlobalSection(ExtensibilityGlobals) = postSolution
		SolutionGuid = {35FD2EA4-8501-432D-9BF0-74CACA5A872D}
	EndGlobalSection
EndGlobal
