
Microsoft Visual Studio Solution File, Format Version 12.00
# Visual Studio Version 16
VisualStudioVersion = 16.0.31424.327
MinimumVisualStudioVersion = 10.0.40219.1
Project("{FAE04EC0-301F-11D3-BF4B-00C04F79EFBC}") = "Step281", "Step281\Step281.csproj", "{21B71FC1-2971-4C6B-9D09-974C45FA5DF8}"
EndProject
Global
	GlobalSection(SolutionConfigurationPlatforms) = preSolution
		Debug|Any CPU = Debug|Any CPU
		Release|Any CPU = Release|Any CPU
	EndGlobalSection
	GlobalSection(ProjectConfigurationPlatforms) = postSolution
		{21B71FC1-2971-4C6B-9D09-974C45FA5DF8}.Debug|Any CPU.ActiveCfg = Debug|Any CPU
		{21B71FC1-2971-4C6B-9D09-974C45FA5DF8}.Debug|Any CPU.Build.0 = Debug|Any CPU
		{21B71FC1-2971-4C6B-9D09-974C45FA5DF8}.Release|Any CPU.ActiveCfg = Release|Any CPU
		{21B71FC1-2971-4C6B-9D09-974C45FA5DF8}.Release|Any CPU.Build.0 = Release|Any CPU
	EndGlobalSection
	GlobalSection(SolutionProperties) = preSolution
		HideSolutionNode = FALSE
	EndGlobalSection
	GlobalSection(ExtensibilityGlobals) = postSolution
		SolutionGuid = {03BAFFA1-5E1D-4D5F-A445-78C19A7B8C35}
	EndGlobalSection
EndGlobal
