
Microsoft Visual Studio Solution File, Format Version 12.00
# Visual Studio Version 16
VisualStudioVersion = 16.0.31424.327
MinimumVisualStudioVersion = 10.0.40219.1
Project("{FAE04EC0-301F-11D3-BF4B-00C04F79EFBC}") = "Step280", "Step280\Step280.csproj", "{1600021D-1C63-4DD7-BAE7-195DCC09CF15}"
EndProject
Global
	GlobalSection(SolutionConfigurationPlatforms) = preSolution
		Debug|Any CPU = Debug|Any CPU
		Release|Any CPU = Release|Any CPU
	EndGlobalSection
	GlobalSection(ProjectConfigurationPlatforms) = postSolution
		{1600021D-1C63-4DD7-BAE7-195DCC09CF15}.Debug|Any CPU.ActiveCfg = Debug|Any CPU
		{1600021D-1C63-4DD7-BAE7-195DCC09CF15}.Debug|Any CPU.Build.0 = Debug|Any CPU
		{1600021D-1C63-4DD7-BAE7-195DCC09CF15}.Release|Any CPU.ActiveCfg = Release|Any CPU
		{1600021D-1C63-4DD7-BAE7-195DCC09CF15}.Release|Any CPU.Build.0 = Release|Any CPU
	EndGlobalSection
	GlobalSection(SolutionProperties) = preSolution
		HideSolutionNode = FALSE
	EndGlobalSection
	GlobalSection(ExtensibilityGlobals) = postSolution
		SolutionGuid = {E019D954-C449-4ED6-B969-4B9F204FC44F}
	EndGlobalSection
EndGlobal
